
Microsoft Visual Studio Solution File, Format Version 12.00
# Visual Studio Version 16
VisualStudioVersion = 16.0.31605.320
MinimumVisualStudioVersion = 10.0.40219.1
Project("{FAE04EC0-301F-11D3-BF4B-00C04F79EFBC}") = "FrostyFix4", "FrostyFix4.csproj", "{47599C6B-89F8-43DD-BB0E-4577C224DA88}"
EndProject
Global
	GlobalSection(SolutionConfigurationPlatforms) = preSolution
		Debug|Any CPU = Debug|Any CPU
		Release|Any CPU = Release|Any CPU
	EndGlobalSection
	GlobalSection(ProjectConfigurationPlatforms) = postSolution
		{47599C6B-89F8-43DD-BB0E-4577C224DA88}.Debug|Any CPU.ActiveCfg = Debug|Any CPU
		{47599C6B-89F8-43DD-BB0E-4577C224DA88}.Debug|Any CPU.Build.0 = Debug|Any CPU
		{47599C6B-89F8-43DD-BB0E-4577C224DA88}.Release|Any CPU.ActiveCfg = Release|Any CPU
		{47599C6B-89F8-43DD-BB0E-4577C224DA88}.Release|Any CPU.Build.0 = Release|Any CPU
	EndGlobalSection
	GlobalSection(SolutionProperties) = preSolution
		HideSolutionNode = FALSE
	EndGlobalSection
	GlobalSection(ExtensibilityGlobals) = postSolution
		SolutionGuid = {968FFF1E-7711-47E5-91D8-882B0FBDF232}
	EndGlobalSection
EndGlobal
