
Microsoft Visual Studio Solution File, Format Version 12.00
# Visual Studio Version 16
VisualStudioVersion = 16.0.30011.22
MinimumVisualStudioVersion = 10.0.40219.1
Project("{FAE04EC0-301F-11D3-BF4B-00C04F79EFBC}") = "FrostyFix2", "FrostyFix2.csproj", "{64D77934-4ED7-4C6A-8424-EA625337FA38}"
EndProject
Global
	GlobalSection(SolutionConfigurationPlatforms) = preSolution
		Debug|Any CPU = Debug|Any CPU
		Release|Any CPU = Release|Any CPU
	EndGlobalSection
	GlobalSection(ProjectConfigurationPlatforms) = postSolution
		{64D77934-4ED7-4C6A-8424-EA625337FA38}.Debug|Any CPU.ActiveCfg = Debug|Any CPU
		{64D77934-4ED7-4C6A-8424-EA625337FA38}.Debug|Any CPU.Build.0 = Debug|Any CPU
		{64D77934-4ED7-4C6A-8424-EA625337FA38}.Release|Any CPU.ActiveCfg = Release|Any CPU
		{64D77934-4ED7-4C6A-8424-EA625337FA38}.Release|Any CPU.Build.0 = Release|Any CPU
	EndGlobalSection
	GlobalSection(SolutionProperties) = preSolution
		HideSolutionNode = FALSE
	EndGlobalSection
	GlobalSection(ExtensibilityGlobals) = postSolution
		SolutionGuid = {B423EDCD-2182-4B9D-BFA4-B7DBA7B0A7A3}
	EndGlobalSection
EndGlobal
